
Microsoft Visual Studio Solution File, Format Version 12.00
# Visual Studio Version 17
VisualStudioVersion = 17.9.34622.214
MinimumVisualStudioVersion = 10.0.40219.1
Project("{FAE04EC0-301F-11D3-BF4B-00C04F79EFBC}") = "FahrenheitToCelsius", "FahrenheitToCelsius\FahrenheitToCelsius.csproj", "{1A0674C2-9BE9-471F-A087-3629DD24C981}"
EndProject
Project("{FAE04EC0-301F-11D3-BF4B-00C04F79EFBC}") = "FToCTest", "FToCTest\FToCTest.csproj", "{161E933E-036B-4A7F-A6D3-C370BC0DD9CB}"
EndProject
Global
	GlobalSection(SolutionConfigurationPlatforms) = preSolution
		Debug|Any CPU = Debug|Any CPU
		Release|Any CPU = Release|Any CPU
	EndGlobalSection
	GlobalSection(ProjectConfigurationPlatforms) = postSolution
		{1A0674C2-9BE9-471F-A087-3629DD24C981}.Debug|Any CPU.ActiveCfg = Debug|Any CPU
		{1A0674C2-9BE9-471F-A087-3629DD24C981}.Debug|Any CPU.Build.0 = Debug|Any CPU
		{1A0674C2-9BE9-471F-A087-3629DD24C981}.Release|Any CPU.ActiveCfg = Release|Any CPU
		{1A0674C2-9BE9-471F-A087-3629DD24C981}.Release|Any CPU.Build.0 = Release|Any CPU
		{161E933E-036B-4A7F-A6D3-C370BC0DD9CB}.Debug|Any CPU.ActiveCfg = Debug|Any CPU
		{161E933E-036B-4A7F-A6D3-C370BC0DD9CB}.Debug|Any CPU.Build.0 = Debug|Any CPU
		{161E933E-036B-4A7F-A6D3-C370BC0DD9CB}.Release|Any CPU.ActiveCfg = Release|Any CPU
		{161E933E-036B-4A7F-A6D3-C370BC0DD9CB}.Release|Any CPU.Build.0 = Release|Any CPU
	EndGlobalSection
	GlobalSection(SolutionProperties) = preSolution
		HideSolutionNode = FALSE
	EndGlobalSection
	GlobalSection(ExtensibilityGlobals) = postSolution
		SolutionGuid = {11AEEA5D-2576-4167-844B-149B18FE685E}
	EndGlobalSection
EndGlobal
